{
  "nodes": {
    "darwin": {
      "inputs": {
        "nixpkgs": [
          "nixpkgs"
        ]
      },
      "locked": {
        "lastModified": 1667294277,
        "narHash": "sha256-YhVGYUpPZNpJZ8z3Sq9aT6n1/B8vKtfRfwaCtbsosxk=",
        "owner": "lnl7",
        "repo": "nix-darwin",
        "rev": "b7177030643374e698c29e993c2808efa7b85aaf",
        "type": "github"
      },
      "original": {
        "owner": "lnl7",
        "ref": "master",
        "repo": "nix-darwin",
        "type": "github"
      }
    },
    "home-manager": {
      "inputs": {
        "nixpkgs": [
          "nixpkgs"
        ],
        "utils": "utils"
      },
      "locked": {
        "lastModified": 1667347482,
        "narHash": "sha256-KuRYeitjusSdkJ/PeHzPfAIVwVjbtG5v+To6ffy8tiQ=",
        "owner": "nix-community",
        "repo": "home-manager",
        "rev": "04e844090ed17298bfbe0f8249109b15770571bc",
        "type": "github"
      },
      "original": {
        "owner": "nix-community",
        "repo": "home-manager",
        "type": "github"
      }
    },
    "nixpkgs": {
      "locked": {
        "lastModified": 1667231093,
        "narHash": "sha256-RERXruzBEBuf0c7OfZeX1hxEKB+PTCUNxWeB6C1jd8Y=",
        "owner": "nixos",
        "repo": "nixpkgs",
        "rev": "d40fea9aeb8840fea0d377baa4b38e39b9582458",
        "type": "github"
      },
      "original": {
        "owner": "nixos",
        "ref": "nixos-unstable",
        "repo": "nixpkgs",
        "type": "github"
      }
    },
    "nur": {
      "locked": {
        "lastModified": 1667372649,
        "narHash": "sha256-F2tsUn/BbkyRFkOLTcMooZwBVfyjxqzVY1oU2lCVoPs=",
        "owner": "nix-community",
        "repo": "NUR",
        "rev": "1fce06a72e9b1cd602e877d3a0415453fc4bdb9a",
        "type": "github"
      },
      "original": {
        "owner": "nix-community",
        "repo": "NUR",
        "type": "github"
      }
    },
    "root": {
      "inputs": {
        "darwin": "darwin",
        "home-manager": "home-manager",
        "nixpkgs": "nixpkgs",
        "nur": "nur"
      }
    },
    "utils": {
      "locked": {
        "lastModified": 1667077288,
        "narHash": "sha256-bdC8sFNDpT0HK74u9fUkpbf1MEzVYJ+ka7NXCdgBoaA=",
        "owner": "numtide",
        "repo": "flake-utils",
        "rev": "6ee9ebb6b1ee695d2cacc4faa053a7b9baa76817",
        "type": "github"
      },
      "original": {
        "owner": "numtide",
        "repo": "flake-utils",
        "type": "github"
      }
    }
  },
  "root": "root",
  "version": 7
}
